
Microsoft Visual Studio Solution File, Format Version 12.00
Project("{FAE04EC0-301F-11D3-BF4B-00C04F79EFBC}") = "7", "7\7.csproj", "{C2E3A11E-BAAB-45AE-88A1-3C4AAA7609A8}"
EndProject
Project("{FAE04EC0-301F-11D3-BF4B-00C04F79EFBC}") = "TestProject1", "TestProject1\TestProject1.csproj", "{A4495381-E1C0-4FB5-85DF-D7EBCC1AF40F}"
EndProject
Global
	GlobalSection(SolutionConfigurationPlatforms) = preSolution
		Debug|Any CPU = Debug|Any CPU
		Release|Any CPU = Release|Any CPU
	EndGlobalSection
	GlobalSection(ProjectConfigurationPlatforms) = postSolution
		{C2E3A11E-BAAB-45AE-88A1-3C4AAA7609A8}.Debug|Any CPU.ActiveCfg = Debug|Any CPU
		{C2E3A11E-BAAB-45AE-88A1-3C4AAA7609A8}.Debug|Any CPU.Build.0 = Debug|Any CPU
		{C2E3A11E-BAAB-45AE-88A1-3C4AAA7609A8}.Release|Any CPU.ActiveCfg = Release|Any CPU
		{C2E3A11E-BAAB-45AE-88A1-3C4AAA7609A8}.Release|Any CPU.Build.0 = Release|Any CPU
		{A4495381-E1C0-4FB5-85DF-D7EBCC1AF40F}.Debug|Any CPU.ActiveCfg = Debug|Any CPU
		{A4495381-E1C0-4FB5-85DF-D7EBCC1AF40F}.Debug|Any CPU.Build.0 = Debug|Any CPU
		{A4495381-E1C0-4FB5-85DF-D7EBCC1AF40F}.Release|Any CPU.ActiveCfg = Release|Any CPU
		{A4495381-E1C0-4FB5-85DF-D7EBCC1AF40F}.Release|Any CPU.Build.0 = Release|Any CPU
	EndGlobalSection
EndGlobal
